
Microsoft Visual Studio Solution File, Format Version 12.00
# Visual Studio Version 17
VisualStudioVersion = 17.3.32922.545
MinimumVisualStudioVersion = 10.0.40219.1
Project("{FAE04EC0-301F-11D3-BF4B-00C04F79EFBC}") = "MVVMCalculator.Android", "MVVMCalculator\MVVMCalculator.Android\MVVMCalculator.Android.csproj", "{9090A099-FF91-4DE3-A693-C0D5917568EF}"
EndProject
Project("{FAE04EC0-301F-11D3-BF4B-00C04F79EFBC}") = "MVVMCalculator.iOS", "MVVMCalculator\MVVMCalculator.iOS\MVVMCalculator.iOS.csproj", "{0747C88B-37E1-46BB-A841-872166B8541B}"
EndProject
Project("{FAE04EC0-301F-11D3-BF4B-00C04F79EFBC}") = "MVVMCalculator", "MVVMCalculator\MVVMCalculator\MVVMCalculator.csproj", "{142F84C7-BB73-4DA4-8367-B6D4CF6F4958}"
EndProject
Global
	GlobalSection(SolutionConfigurationPlatforms) = preSolution
		Debug|Any CPU = Debug|Any CPU
		Debug|iPhone = Debug|iPhone
		Debug|iPhoneSimulator = Debug|iPhoneSimulator
		Release|Any CPU = Release|Any CPU
		Release|iPhone = Release|iPhone
		Release|iPhoneSimulator = Release|iPhoneSimulator
	EndGlobalSection
	GlobalSection(ProjectConfigurationPlatforms) = postSolution
		{9090A099-FF91-4DE3-A693-C0D5917568EF}.Debug|Any CPU.ActiveCfg = Debug|Any CPU
		{9090A099-FF91-4DE3-A693-C0D5917568EF}.Debug|Any CPU.Build.0 = Debug|Any CPU
		{9090A099-FF91-4DE3-A693-C0D5917568EF}.Debug|Any CPU.Deploy.0 = Debug|Any CPU
		{9090A099-FF91-4DE3-A693-C0D5917568EF}.Debug|iPhone.ActiveCfg = Debug|Any CPU
		{9090A099-FF91-4DE3-A693-C0D5917568EF}.Debug|iPhone.Build.0 = Debug|Any CPU
		{9090A099-FF91-4DE3-A693-C0D5917568EF}.Debug|iPhone.Deploy.0 = Debug|Any CPU
		{9090A099-FF91-4DE3-A693-C0D5917568EF}.Debug|iPhoneSimulator.ActiveCfg = Debug|Any CPU
		{9090A099-FF91-4DE3-A693-C0D5917568EF}.Debug|iPhoneSimulator.Build.0 = Debug|Any CPU
		{9090A099-FF91-4DE3-A693-C0D5917568EF}.Debug|iPhoneSimulator.Deploy.0 = Debug|Any CPU
		{9090A099-FF91-4DE3-A693-C0D5917568EF}.Release|Any CPU.ActiveCfg = Release|Any CPU
		{9090A099-FF91-4DE3-A693-C0D5917568EF}.Release|Any CPU.Build.0 = Release|Any CPU
		{9090A099-FF91-4DE3-A693-C0D5917568EF}.Release|Any CPU.Deploy.0 = Release|Any CPU
		{9090A099-FF91-4DE3-A693-C0D5917568EF}.Release|iPhone.ActiveCfg = Release|Any CPU
		{9090A099-FF91-4DE3-A693-C0D5917568EF}.Release|iPhone.Build.0 = Release|Any CPU
		{9090A099-FF91-4DE3-A693-C0D5917568EF}.Release|iPhone.Deploy.0 = Release|Any CPU
		{9090A099-FF91-4DE3-A693-C0D5917568EF}.Release|iPhoneSimulator.ActiveCfg = Release|Any CPU
		{9090A099-FF91-4DE3-A693-C0D5917568EF}.Release|iPhoneSimulator.Build.0 = Release|Any CPU
		{9090A099-FF91-4DE3-A693-C0D5917568EF}.Release|iPhoneSimulator.Deploy.0 = Release|Any CPU
		{0747C88B-37E1-46BB-A841-872166B8541B}.Debug|Any CPU.ActiveCfg = Debug|iPhone
		{0747C88B-37E1-46BB-A841-872166B8541B}.Debug|Any CPU.Build.0 = Debug|iPhone
		{0747C88B-37E1-46BB-A841-872166B8541B}.Debug|Any CPU.Deploy.0 = Debug|iPhone
		{0747C88B-37E1-46BB-A841-872166B8541B}.Debug|iPhone.ActiveCfg = Debug|iPhone
		{0747C88B-37E1-46BB-A841-872166B8541B}.Debug|iPhone.Build.0 = Debug|iPhone
		{0747C88B-37E1-46BB-A841-872166B8541B}.Debug|iPhone.Deploy.0 = Debug|iPhone
		{0747C88B-37E1-46BB-A841-872166B8541B}.Debug|iPhoneSimulator.ActiveCfg = Debug|iPhoneSimulator
		{0747C88B-37E1-46BB-A841-872166B8541B}.Debug|iPhoneSimulator.Build.0 = Debug|iPhoneSimulator
		{0747C88B-37E1-46BB-A841-872166B8541B}.Debug|iPhoneSimulator.Deploy.0 = Debug|iPhoneSimulator
		{0747C88B-37E1-46BB-A841-872166B8541B}.Release|Any CPU.ActiveCfg = Release|iPhoneSimulator
		{0747C88B-37E1-46BB-A841-872166B8541B}.Release|Any CPU.Build.0 = Release|iPhoneSimulator
		{0747C88B-37E1-46BB-A841-872166B8541B}.Release|Any CPU.Deploy.0 = Release|iPhoneSimulator
		{0747C88B-37E1-46BB-A841-872166B8541B}.Release|iPhone.ActiveCfg = Release|iPhone
		{0747C88B-37E1-46BB-A841-872166B8541B}.Release|iPhone.Build.0 = Release|iPhone
		{0747C88B-37E1-46BB-A841-872166B8541B}.Release|iPhone.Deploy.0 = Release|iPhone
		{0747C88B-37E1-46BB-A841-872166B8541B}.Release|iPhoneSimulator.ActiveCfg = Release|iPhoneSimulator
		{0747C88B-37E1-46BB-A841-872166B8541B}.Release|iPhoneSimulator.Build.0 = Release|iPhoneSimulator
		{0747C88B-37E1-46BB-A841-872166B8541B}.Release|iPhoneSimulator.Deploy.0 = Release|iPhoneSimulator
		{142F84C7-BB73-4DA4-8367-B6D4CF6F4958}.Debug|Any CPU.ActiveCfg = Debug|Any CPU
		{142F84C7-BB73-4DA4-8367-B6D4CF6F4958}.Debug|Any CPU.Build.0 = Debug|Any CPU
		{142F84C7-BB73-4DA4-8367-B6D4CF6F4958}.Debug|Any CPU.Deploy.0 = Debug|Any CPU
		{142F84C7-BB73-4DA4-8367-B6D4CF6F4958}.Debug|iPhone.ActiveCfg = Debug|Any CPU
		{142F84C7-BB73-4DA4-8367-B6D4CF6F4958}.Debug|iPhone.Build.0 = Debug|Any CPU
		{142F84C7-BB73-4DA4-8367-B6D4CF6F4958}.Debug|iPhone.Deploy.0 = Debug|Any CPU
		{142F84C7-BB73-4DA4-8367-B6D4CF6F4958}.Debug|iPhoneSimulator.ActiveCfg = Debug|Any CPU
		{142F84C7-BB73-4DA4-8367-B6D4CF6F4958}.Debug|iPhoneSimulator.Build.0 = Debug|Any CPU
		{142F84C7-BB73-4DA4-8367-B6D4CF6F4958}.Debug|iPhoneSimulator.Deploy.0 = Debug|Any CPU
		{142F84C7-BB73-4DA4-8367-B6D4CF6F4958}.Release|Any CPU.ActiveCfg = Release|Any CPU
		{142F84C7-BB73-4DA4-8367-B6D4CF6F4958}.Release|Any CPU.Build.0 = Release|Any CPU
		{142F84C7-BB73-4DA4-8367-B6D4CF6F4958}.Release|Any CPU.Deploy.0 = Release|Any CPU
		{142F84C7-BB73-4DA4-8367-B6D4CF6F4958}.Release|iPhone.ActiveCfg = Release|Any CPU
		{142F84C7-BB73-4DA4-8367-B6D4CF6F4958}.Release|iPhone.Build.0 = Release|Any CPU
		{142F84C7-BB73-4DA4-8367-B6D4CF6F4958}.Release|iPhone.Deploy.0 = Release|Any CPU
		{142F84C7-BB73-4DA4-8367-B6D4CF6F4958}.Release|iPhoneSimulator.ActiveCfg = Release|Any CPU
		{142F84C7-BB73-4DA4-8367-B6D4CF6F4958}.Release|iPhoneSimulator.Build.0 = Release|Any CPU
		{142F84C7-BB73-4DA4-8367-B6D4CF6F4958}.Release|iPhoneSimulator.Deploy.0 = Release|Any CPU
	EndGlobalSection
	GlobalSection(SolutionProperties) = preSolution
		HideSolutionNode = FALSE
	EndGlobalSection
	GlobalSection(ExtensibilityGlobals) = postSolution
		SolutionGuid = {9B015C47-2223-46ED-93DF-CE903241AA48}
	EndGlobalSection
EndGlobal
